
Microsoft Visual Studio Solution File, Format Version 12.00
# Visual Studio 15
VisualStudioVersion = 15.0.27130.2010
MinimumVisualStudioVersion = 10.0.40219.1
Project("{FAE04EC0-301F-11D3-BF4B-00C04F79EFBC}") = "ConsoleAppSqliteTest", "ConsoleAppSqliteTest\ConsoleAppSqliteTest.csproj", "{0C508342-8A33-44AD-AD9C-02DE0F69AF13}"
EndProject
Global
	GlobalSection(SolutionConfigurationPlatforms) = preSolution
		Debug|Any CPU = Debug|Any CPU
		Release|Any CPU = Release|Any CPU
	EndGlobalSection
	GlobalSection(ProjectConfigurationPlatforms) = postSolution
		{0C508342-8A33-44AD-AD9C-02DE0F69AF13}.Debug|Any CPU.ActiveCfg = Debug|Any CPU
		{0C508342-8A33-44AD-AD9C-02DE0F69AF13}.Debug|Any CPU.Build.0 = Debug|Any CPU
		{0C508342-8A33-44AD-AD9C-02DE0F69AF13}.Release|Any CPU.ActiveCfg = Release|Any CPU
		{0C508342-8A33-44AD-AD9C-02DE0F69AF13}.Release|Any CPU.Build.0 = Release|Any CPU
	EndGlobalSection
	GlobalSection(SolutionProperties) = preSolution
		HideSolutionNode = FALSE
	EndGlobalSection
	GlobalSection(ExtensibilityGlobals) = postSolution
		SolutionGuid = {A32B319C-34AA-439E-AA0D-59AA5532ED0C}
	EndGlobalSection
EndGlobal
